
Microsoft Visual Studio Solution File, Format Version 12.00
# Visual Studio Version 16
VisualStudioVersion = 16.0.29020.237
MinimumVisualStudioVersion = 10.0.40219.1
Project("{FAE04EC0-301F-11D3-BF4B-00C04F79EFBC}") = "HotelManagement", "HotelManagement\HotelManagement.csproj", "{69C9EA13-50D5-44B0-8001-6F632E57BD92}"
EndProject
Global
	GlobalSection(SolutionConfigurationPlatforms) = preSolution
		Debug|Any CPU = Debug|Any CPU
		Release|Any CPU = Release|Any CPU
	EndGlobalSection
	GlobalSection(ProjectConfigurationPlatforms) = postSolution
		{69C9EA13-50D5-44B0-8001-6F632E57BD92}.Debug|Any CPU.ActiveCfg = Debug|Any CPU
		{69C9EA13-50D5-44B0-8001-6F632E57BD92}.Debug|Any CPU.Build.0 = Debug|Any CPU
		{69C9EA13-50D5-44B0-8001-6F632E57BD92}.Release|Any CPU.ActiveCfg = Release|Any CPU
		{69C9EA13-50D5-44B0-8001-6F632E57BD92}.Release|Any CPU.Build.0 = Release|Any CPU
	EndGlobalSection
	GlobalSection(SolutionProperties) = preSolution
		HideSolutionNode = FALSE
	EndGlobalSection
	GlobalSection(ExtensibilityGlobals) = postSolution
		SolutionGuid = {B4AEACFC-F335-42FF-AC98-C1A36AF9F390}
	EndGlobalSection
EndGlobal
